// !$*UTF8*$!
{
	archiveVersion = 1;
	classes = {
	};
	objectVersion = 46;
	objects = {

/* Begin PBXBuildFile section */
		1CB86C561A6CFA490070738B /* main.m in Sources */ = {isa = PBXBuildFile; fileRef = 1CB86C551A6CFA490070738B /* main.m */; };
		1CB86C591A6CFA490070738B /* AppDelegate.m in Sources */ = {isa = PBXBuildFile; fileRef = 1CB86C581A6CFA490070738B /* AppDelegate.m */; };
		1CB86C5C1A6CFA490070738B /* ViewController.m in Sources */ = {isa = PBXBuildFile; fileRef = 1CB86C5B1A6CFA490070738B /* ViewController.m */; };
		1CB86C611A6CFA490070738B /* Images.xcassets in Resources */ = {isa = PBXBuildFile; fileRef = 1CB86C601A6CFA490070738B /* Images.xcassets */; };
		1CB86C701A6CFA4A0070738B /* Bloc_BrowserTests.m in Sources */ = {isa = PBXBuildFile; fileRef = 1CB86C6F1A6CFA4A0070738B /* Bloc_BrowserTests.m */; };
		1CB86C7B1A6CFB560070738B /* BLCWebBrowserViewController.m in Sources */ = {isa = PBXBuildFile; fileRef = 1CB86C7A1A6CFB560070738B /* BLCWebBrowserViewController.m */; };
		1CBC50491A73EF0D0050DCA1 /* BLCAwesomeFloatingToolbar.m in Sources */ = {isa = PBXBuildFile; fileRef = 1CBC50481A73EF0D0050DCA1 /* BLCAwesomeFloatingToolbar.m */; };
/* End PBXBuildFile section */

/* Begin PBXContainerItemProxy section */
		1CB86C6A1A6CFA4A0070738B /* PBXContainerItemProxy */ = {
			isa = PBXContainerItemProxy;
			containerPortal = 1CB86C481A6CFA490070738B /* Project object */;
			proxyType = 1;
			remoteGlobalIDString = 1CB86C4F1A6CFA490070738B;
			remoteInfo = "Bloc Browser";
		};
/* End PBXContainerItemProxy section */

/* Begin PBXFileReference section */
		1CB86C501A6CFA490070738B /* Bloc Browser.app */ = {isa = PBXFileReference; explicitFileType = wrapper.application; includeInIndex = 0; path = "Bloc Browser.app"; sourceTree = BUILT_PRODUCTS_DIR; };
		1CB86C541A6CFA490070738B /* Info.plist */ = {isa = PBXFileReference; lastKnownFileType = text.plist.xml; path = Info.plist; sourceTree = "<group>"; };
		1CB86C551A6CFA490070738B /* main.m */ = {isa = PBXFileReference; lastKnownFileType = sourcecode.c.objc; path = main.m; sourceTree = "<group>"; };
		1CB86C571A6CFA490070738B /* AppDelegate.h */ = {isa = PBXFileReference; lastKnownFileType = sourcecode.c.h; path = AppDelegate.h; sourceTree = "<group>"; };
		1CB86C581A6CFA490070738B /* AppDelegate.m */ = {isa = PBXFileReference; lastKnownFileType = sourcecode.c.objc; path = AppDelegate.m; sourceTree = "<group>"; };
		1CB86C5A1A6CFA490070738B /* ViewController.h */ = {isa = PBXFileReference; lastKnownFileType = sourcecode.c.h; path = ViewController.h; sourceTree = "<group>"; };
		1CB86C5B1A6CFA490070738B /* ViewController.m */ = {isa = PBXFileReference; lastKnownFileType = sourcecode.c.objc; path = ViewController.m; sourceTree = "<group>"; };
		1CB86C601A6CFA490070738B /* Images.xcassets */ = {isa = PBXFileReference; lastKnownFileType = folder.assetcatalog; path = Images.xcassets; sourceTree = "<group>"; };
		1CB86C691A6CFA4A0070738B /* Bloc BrowserTests.xctest */ = {isa = PBXFileReference; explicitFileType = wrapper.cfbundle; includeInIndex = 0; path = "Bloc BrowserTests.xctest"; sourceTree = BUILT_PRODUCTS_DIR; };
		1CB86C6E1A6CFA4A0070738B /* Info.plist */ = {isa = PBXFileReference; lastKnownFileType = text.plist.xml; path = Info.plist; sourceTree = "<group>"; };
		1CB86C6F1A6CFA4A0070738B /* Bloc_BrowserTests.m */ = {isa = PBXFileReference; lastKnownFileType = sourcecode.c.objc; path = Bloc_BrowserTests.m; sourceTree = "<group>"; };
		1CB86C791A6CFB560070738B /* BLCWebBrowserViewController.h */ = {isa = PBXFileReference; fileEncoding = 4; lastKnownFileType = sourcecode.c.h; path = BLCWebBrowserViewController.h; sourceTree = "<group>"; };
		1CB86C7A1A6CFB560070738B /* BLCWebBrowserViewController.m */ = {isa = PBXFileReference; fileEncoding = 4; lastKnownFileType = sourcecode.c.objc; path = BLCWebBrowserViewController.m; sourceTree = "<group>"; };
		1CBC50471A73EF0D0050DCA1 /* BLCAwesomeFloatingToolbar.h */ = {isa = PBXFileReference; fileEncoding = 4; lastKnownFileType = sourcecode.c.h; path = BLCAwesomeFloatingToolbar.h; sourceTree = "<group>"; };
		1CBC50481A73EF0D0050DCA1 /* BLCAwesomeFloatingToolbar.m */ = {isa = PBXFileReference; fileEncoding = 4; lastKnownFileType = sourcecode.c.objc; path = BLCAwesomeFloatingToolbar.m; sourceTree = "<group>"; };
/* End PBXFileReference section */

/* Begin PBXFrameworksBuildPhase section */
		1CB86C4D1A6CFA490070738B /* Frameworks */ = {
			isa = PBXFrameworksBuildPhase;
			buildActionMask = 2147483647;
			files = (
			);
			runOnlyForDeploymentPostprocessing = 0;
		};
		1CB86C661A6CFA4A0070738B /* Frameworks */ = {
			isa = PBXFrameworksBuildPhase;
			buildActionMask = 2147483647;
			files = (
			);
			runOnlyForDeploymentPostprocessing = 0;
		};
/* End PBXFrameworksBuildPhase section */

/* Begin PBXGroup section */
		1CB86C471A6CFA490070738B = {
			isa = PBXGroup;
			children = (
				1CB86C521A6CFA490070738B /* Bloc Browser */,
				1CB86C6C1A6CFA4A0070738B /* Bloc BrowserTests */,
				1CB86C511A6CFA490070738B /* Products */,
			);
			sourceTree = "<group>";
		};
		1CB86C511A6CFA490070738B /* Products */ = {
			isa = PBXGroup;
			children = (
				1CB86C501A6CFA490070738B /* Bloc Browser.app */,
				1CB86C691A6CFA4A0070738B /* Bloc BrowserTests.xctest */,
			);
			name = Products;
			sourceTree = "<group>";
		};
		1CB86C521A6CFA490070738B /* Bloc Browser */ = {
			isa = PBXGroup;
			children = (
				1CB86C571A6CFA490070738B /* AppDelegate.h */,
				1CB86C581A6CFA490070738B /* AppDelegate.m */,
				1CB86C791A6CFB560070738B /* BLCWebBrowserViewController.h */,
				1CB86C7A1A6CFB560070738B /* BLCWebBrowserViewController.m */,
				1CBC50471A73EF0D0050DCA1 /* BLCAwesomeFloatingToolbar.h */,
				1CBC50481A73EF0D0050DCA1 /* BLCAwesomeFloatingToolbar.m */,
				1CB86C5A1A6CFA490070738B /* ViewController.h */,
				1CB86C5B1A6CFA490070738B /* ViewController.m */,
				1CB86C601A6CFA490070738B /* Images.xcassets */,
				1CB86C531A6CFA490070738B /* Supporting Files */,
			);
			path = "Bloc Browser";
			sourceTree = "<group>";
		};
		1CB86C531A6CFA490070738B /* Supporting Files */ = {
			isa = PBXGroup;
			children = (
				1CB86C541A6CFA490070738B /* Info.plist */,
				1CB86C551A6CFA490070738B /* main.m */,
			);
			name = "Supporting Files";
			sourceTree = "<group>";
		};
		1CB86C6C1A6CFA4A0070738B /* Bloc BrowserTests */ = {
			isa = PBXGroup;
			children = (
				1CB86C6F1A6CFA4A0070738B /* Bloc_BrowserTests.m */,
				1CB86C6D1A6CFA4A0070738B /* Supporting Files */,
			);
			path = "Bloc BrowserTests";
			sourceTree = "<group>";
		};
		1CB86C6D1A6CFA4A0070738B /* Supporting Files */ = {
			isa = PBXGroup;
			children = (
				1CB86C6E1A6CFA4A0070738B /* Info.plist */,
			);
			name = "Supporting Files";
			sourceTree = "<group>";
		};
/* End PBXGroup section */

/* Begin PBXNativeTarget section */
		1CB86C4F1A6CFA490070738B /* Bloc Browser */ = {
			isa = PBXNativeTarget;
			buildConfigurationList = 1CB86C731A6CFA4A0070738B /* Build configuration list for PBXNativeTarget "Bloc Browser" */;
			buildPhases = (
				1CB86C4C1A6CFA490070738B /* Sources */,
				1CB86C4D1A6CFA490070738B /* Frameworks */,
				1CB86C4E1A6CFA490070738B /* Resources */,
			);
			buildRules = (
			);
			dependencies = (
			);
			name = "Bloc Browser";
			productName = "Bloc Browser";
			productReference = 1CB86C501A6CFA490070738B /* Bloc Browser.app */;
			productType = "com.apple.product-type.application";
		};
		1CB86C681A6CFA4A0070738B /* Bloc BrowserTests */ = {
			isa = PBXNativeTarget;
			buildConfigurationList = 1CB86C761A6CFA4A0070738B /* Build configuration list for PBXNativeTarget "Bloc BrowserTests" */;
			buildPhases = (
				1CB86C651A6CFA4A0070738B /* Sources */,
				1CB86C661A6CFA4A0070738B /* Frameworks */,
				1CB86C671A6CFA4A0070738B /* Resources */,
			);
			buildRules = (
			);
			dependencies = (
				1CB86C6B1A6CFA4A0070738B /* PBXTargetDependency */,
			);
			name = "Bloc BrowserTests";
			productName = "Bloc BrowserTests";
			productReference = 1CB86C691A6CFA4A0070738B /* Bloc BrowserTests.xctest */;
			productType = "com.apple.product-type.bundle.unit-test";
		};
/* End PBXNativeTarget section */

/* Begin PBXProject section */
		1CB86C481A6CFA490070738B /* Project object */ = {
			isa = PBXProject;
			attributes = {
				LastUpgradeCheck = 0610;
				ORGANIZATIONNAME = "ManHong Lee";
				TargetAttributes = {
					1CB86C4F1A6CFA490070738B = {
						CreatedOnToolsVersion = 6.1.1;
					};
					1CB86C681A6CFA4A0070738B = {
						CreatedOnToolsVersion = 6.1.1;
						TestTargetID = 1CB86C4F1A6CFA490070738B;
					};
				};
			};
			buildConfigurationList = 1CB86C4B1A6CFA490070738B /* Build configuration list for PBXProject "Bloc Browser" */;
			compatibilityVersion = "Xcode 3.2";
			developmentRegion = English;
			hasScannedForEncodings = 0;
			knownRegions = (
				en,
				Base,
			);
			mainGroup = 1CB86C471A6CFA490070738B;
			productRefGroup = 1CB86C511A6CFA490070738B /* Products */;
			projectDirPath = "";
			projectRoot = "";
			targets = (
				1CB86C4F1A6CFA490070738B /* Bloc Browser */,
				1CB86C681A6CFA4A0070738B /* Bloc BrowserTests */,
			);
		};
/* End PBXProject section */

/* Begin PBXResourcesBuildPhase section */
		1CB86C4E1A6CFA490070738B /* Resources */ = {
			isa = PBXResourcesBuildPhase;
			buildActionMask = 2147483647;
			files = (
				1CB86C611A6CFA490070738B /* Images.xcassets in Resources */,
			);
			runOnlyForDeploymentPostprocessing = 0;
		};
		1CB86C671A6CFA4A0070738B /* Resources */ = {
			isa = PBXResourcesBuildPhase;
			buildActionMask = 2147483647;
			files = (
			);
			runOnlyForDeploymentPostprocessing = 0;
		};
/* End PBXResourcesBuildPhase section */

/* Begin PBXSourcesBuildPhase section */
		1CB86C4C1A6CFA490070738B /* Sources */ = {
			isa = PBXSourcesBuildPhase;
			buildActionMask = 2147483647;
			files = (
				1CBC50491A73EF0D0050DCA1 /* BLCAwesomeFloatingToolbar.m in Sources */,
				1CB86C5C1A6CFA490070738B /* ViewController.m in Sources */,
				1CB86C591A6CFA490070738B /* AppDelegate.m in Sources */,
				1CB86C7B1A6CFB560070738B /* BLCWebBrowserViewController.m in Sources */,
				1CB86C561A6CFA490070738B /* main.m in Sources */,
			);
			runOnlyForDeploymentPostprocessing = 0;
		};
		1CB86C651A6CFA4A0070738B /* Sources */ = {
			isa = PBXSourcesBuildPhase;
			buildActionMask = 2147483647;
			files = (
				1CB86C701A6CFA4A0070738B /* Bloc_BrowserTests.m in Sources */,
			);
			runOnlyForDeploymentPostprocessing = 0;
		};
/* End PBXSourcesBuildPhase section */

/* Begin PBXTargetDependency section */
		1CB86C6B1A6CFA4A0070738B /* PBXTargetDependency */ = {
			isa = PBXTargetDependency;
			target = 1CB86C4F1A6CFA490070738B /* Bloc Browser */;
			targetProxy = 1CB86C6A1A6CFA4A0070738B /* PBXContainerItemProxy */;
		};
/* End PBXTargetDependency section */

/* Begin XCBuildConfiguration section */
		1CB86C711A6CFA4A0070738B /* Debug */ = {
			isa = XCBuildConfiguration;
			buildSettings = {
				ALWAYS_SEARCH_USER_PATHS = NO;
				CLANG_CXX_LANGUAGE_STANDARD = "gnu++0x";
				CLANG_CXX_LIBRARY = "libc++";
				CLANG_ENABLE_MODULES = YES;
				CLANG_ENABLE_OBJC_ARC = YES;
				CLANG_WARN_BOOL_CONVERSION = YES;
				CLANG_WARN_CONSTANT_CONVERSION = YES;
				CLANG_WARN_DIRECT_OBJC_ISA_USAGE = YES_ERROR;
				CLANG_WARN_EMPTY_BODY = YES;
				CLANG_WARN_ENUM_CONVERSION = YES;
				CLANG_WARN_INT_CONVERSION = YES;
				CLANG_WARN_OBJC_ROOT_CLASS = YES_ERROR;
				CLANG_WARN_UNREACHABLE_CODE = YES;
				CLANG_WARN__DUPLICATE_METHOD_MATCH = YES;
				"CODE_SIGN_IDENTITY[sdk=iphoneos*]" = "iPhone Developer";
				COPY_PHASE_STRIP = NO;
				ENABLE_STRICT_OBJC_MSGSEND = YES;
				GCC_C_LANGUAGE_STANDARD = gnu99;
				GCC_DYNAMIC_NO_PIC = NO;
				GCC_OPTIMIZATION_LEVEL = 0;
				GCC_PREPROCESSOR_DEFINITIONS = (
					"DEBUG=1",
					"$(inherited)",
				);
				GCC_SYMBOLS_PRIVATE_EXTERN = NO;
				GCC_WARN_64_TO_32_BIT_CONVERSION = YES;
				GCC_WARN_ABOUT_RETURN_TYPE = YES_ERROR;
				GCC_WARN_UNDECLARED_SELECTOR = YES;
				GCC_WARN_UNINITIALIZED_AUTOS = YES_AGGRESSIVE;
				GCC_WARN_UNUSED_FUNCTION = YES;
				GCC_WARN_UNUSED_VARIABLE = YES;
				IPHONEOS_DEPLOYMENT_TARGET = 8.1;
				MTL_ENABLE_DEBUG_INFO = YES;
				ONLY_ACTIVE_ARCH = YES;
				SDKROOT = iphoneos;
				TARGETED_DEVICE_FAMILY = "1,2";
			};
			name = Debug;
		};
		1CB86C721A6CFA4A0070738B /* Release */ = {
			isa = XCBuildConfiguration;
			buildSettings = {
				ALWAYS_SEARCH_USER_PATHS = NO;
				CLANG_CXX_LANGUAGE_STANDARD = "gnu++0x";
				CLANG_CXX_LIBRARY = "libc++";
				CLANG_ENABLE_MODULES = YES;
				CLANG_ENABLE_OBJC_ARC = YES;
				CLANG_WARN_BOOL_CONVERSION = YES;
				CLANG_WARN_CONSTANT_CONVERSION = YES;
				CLANG_WARN_DIRECT_OBJC_ISA_USAGE = YES_ERROR;
				CLANG_WARN_EMPTY_BODY = YES;
				CLANG_WARN_ENUM_CONVERSION = YES;
				CLANG_WARN_INT_CONVERSION = YES;
				CLANG_WARN_OBJC_ROOT_CLASS = YES_ERROR;
				CLANG_WARN_UNREACHABLE_CODE = YES;
				CLANG_WARN__DUPLICATE_METHOD_MATCH = YES;
				"CODE_SIGN_IDENTITY[sdk=iphoneos*]" = "iPhone Developer";
				COPY_PHASE_STRIP = YES;
				ENABLE_NS_ASSERTIONS = NO;
				ENABLE_STRICT_OBJC_MSGSEND = YES;
				GCC_C_LANGUAGE_STANDARD = gnu99;
				GCC_WARN_64_TO_32_BIT_CONVERSION = YES;
				GCC_WARN_ABOUT_RETURN_TYPE = YES_ERROR;
				GCC_WARN_UNDECLARED_SELECTOR = YES;
				GCC_WARN_UNINITIALIZED_AUTOS = YES_AGGRESSIVE;
				GCC_WARN_UNUSED_FUNCTION = YES;
				GCC_WARN_UNUSED_VARIABLE = YES;
				IPHONEOS_DEPLOYMENT_TARGET = 8.1;
				MTL_ENABLE_DEBUG_INFO = NO;
				SDKROOT = iphoneos;
				TARGETED_DEVICE_FAMILY = "1,2";
				VALIDATE_PRODUCT = YES;
			};
			name = Release;
		};
		1CB86C741A6CFA4A0070738B /* Debug */ = {
			isa = XCBuildConfiguration;
			buildSettings = {
				ASSETCATALOG_COMPILER_APPICON_NAME = AppIcon;
				INFOPLIST_FILE = "Bloc Browser/Info.plist";
				LD_RUNPATH_SEARCH_PATHS = "$(inherited) @executable_path/Frameworks";
				PRODUCT_NAME = "$(TARGET_NAME)";
			};
			name = Debug;
		};
		1CB86C751A6CFA4A0070738B /* Release */ = {
			isa = XCBuildConfiguration;
			buildSettings = {
				ASSETCATALOG_COMPILER_APPICON_NAME = AppIcon;
				INFOPLIST_FILE = "Bloc Browser/Info.plist";
				LD_RUNPATH_SEARCH_PATHS = "$(inherited) @executable_path/Frameworks";
				PRODUCT_NAME = "$(TARGET_NAME)";
			};
			name = Release;
		};
		1CB86C771A6CFA4A0070738B /* Debug */ = {
			isa = XCBuildConfiguration;
			buildSettings = {
				BUNDLE_LOADER = "$(TEST_HOST)";
				FRAMEWORK_SEARCH_PATHS = (
					"$(SDKROOT)/Developer/Library/Frameworks",
					"$(inherited)",
				);
				GCC_PREPROCESSOR_DEFINITIONS = (
					"DEBUG=1",
					"$(inherited)",
				);
				INFOPLIST_FILE = "Bloc BrowserTests/Info.plist";
				LD_RUNPATH_SEARCH_PATHS = "$(inherited) @executable_path/Frameworks @loader_path/Frameworks";
				PRODUCT_NAME = "$(TARGET_NAME)";
				TEST_HOST = "$(BUILT_PRODUCTS_DIR)/Bloc Browser.app/Bloc Browser";
			};
			name = Debug;
		};
		1CB86C781A6CFA4A0070738B /* Release */ = {
			isa = XCBuildConfiguration;
			buildSettings = {
				BUNDLE_LOADER = "$(TEST_HOST)";
				FRAMEWORK_SEARCH_PATHS = (
					"$(SDKROOT)/Developer/Library/Frameworks",
					"$(inherited)",
				);
				INFOPLIST_FILE = "Bloc BrowserTests/Info.plist";
				LD_RUNPATH_SEARCH_PATHS = "$(inherited) @executable_path/Frameworks @loader_path/Frameworks";
				PRODUCT_NAME = "$(TARGET_NAME)";
				TEST_HOST = "$(BUILT_PRODUCTS_DIR)/Bloc Browser.app/Bloc Browser";
			};
			name = Release;
		};
/* End XCBuildConfiguration section */

/* Begin XCConfigurationList section */
		1CB86C4B1A6CFA490070738B /* Build configuration list for PBXProject "Bloc Browser" */ = {
			isa = XCConfigurationList;
			buildConfigurations = (
				1CB86C711A6CFA4A0070738B /* Debug */,
				1CB86C721A6CFA4A0070738B /* Release */,
			);
			defaultConfigurationIsVisible = 0;
			defaultConfigurationName = Release;
		};
		1CB86C731A6CFA4A0070738B /* Build configuration list for PBXNativeTarget "Bloc Browser" */ = {
			isa = XCConfigurationList;
			buildConfigurations = (
				1CB86C741A6CFA4A0070738B /* Debug */,
				1CB86C751A6CFA4A0070738B /* Release */,
			);
			defaultConfigurationIsVisible = 0;
			defaultConfigurationName = Release;
		};
		1CB86C761A6CFA4A0070738B /* Build configuration list for PBXNativeTarget "Bloc BrowserTests" */ = {
			isa = XCConfigurationList;
			buildConfigurations = (
				1CB86C771A6CFA4A0070738B /* Debug */,
				1CB86C781A6CFA4A0070738B /* Release */,
			);
			defaultConfigurationIsVisible = 0;
			defaultConfigurationName = Release;
		};
/* End XCConfigurationList section */
	};
	rootObject = 1CB86C481A6CFA490070738B /* Project object */;
}
